// !$*UTF8*$!
{
	archiveVersion = 1;
	classes = {
	};
	objectVersion = 46;
	objects = {

/* Begin PBXBuildFile section */
		C8DA67A41AF4C1A7001D9F37 /* AppDelegate.swift in Sources */ = {isa = PBXBuildFile; fileRef = C8DA67A31AF4C1A7001D9F37 /* AppDelegate.swift */; };
		C8DA67A71AF4C1A7001D9F37 /* BeingNikhil.xcdatamodeld in Sources */ = {isa = PBXBuildFile; fileRef = C8DA67A51AF4C1A7001D9F37 /* BeingNikhil.xcdatamodeld */; };
		C8DA67A91AF4C1A7001D9F37 /* ViewController.swift in Sources */ = {isa = PBXBuildFile; fileRef = C8DA67A81AF4C1A7001D9F37 /* ViewController.swift */; };
		C8DA67AC1AF4C1A7001D9F37 /* Main.storyboard in Resources */ = {isa = PBXBuildFile; fileRef = C8DA67AA1AF4C1A7001D9F37 /* Main.storyboard */; };
		C8DA67AE1AF4C1A7001D9F37 /* Images.xcassets in Resources */ = {isa = PBXBuildFile; fileRef = C8DA67AD1AF4C1A7001D9F37 /* Images.xcassets */; };
		C8DA67B11AF4C1A7001D9F37 /* LaunchScreen.xib in Resources */ = {isa = PBXBuildFile; fileRef = C8DA67AF1AF4C1A7001D9F37 /* LaunchScreen.xib */; };
		C8DA67BD1AF4C1A7001D9F37 /* BeingNikhilTests.swift in Sources */ = {isa = PBXBuildFile; fileRef = C8DA67BC1AF4C1A7001D9F37 /* BeingNikhilTests.swift */; };
/* End PBXBuildFile section */

/* Begin PBXContainerItemProxy section */
		C8DA67B71AF4C1A7001D9F37 /* PBXContainerItemProxy */ = {
			isa = PBXContainerItemProxy;
			containerPortal = C8DA67961AF4C1A7001D9F37 /* Project object */;
			proxyType = 1;
			remoteGlobalIDString = C8DA679D1AF4C1A7001D9F37;
			remoteInfo = BeingNikhil;
		};
/* End PBXContainerItemProxy section */

/* Begin PBXFileReference section */
		C8DA679E1AF4C1A7001D9F37 /* BeingNikhil.app */ = {isa = PBXFileReference; explicitFileType = wrapper.application; includeInIndex = 0; path = BeingNikhil.app; sourceTree = BUILT_PRODUCTS_DIR; };
		C8DA67A21AF4C1A7001D9F37 /* Info.plist */ = {isa = PBXFileReference; lastKnownFileType = text.plist.xml; path = Info.plist; sourceTree = "<group>"; };
		C8DA67A31AF4C1A7001D9F37 /* AppDelegate.swift */ = {isa = PBXFileReference; lastKnownFileType = sourcecode.swift; path = AppDelegate.swift; sourceTree = "<group>"; };
		C8DA67A61AF4C1A7001D9F37 /* BeingNikhil.xcdatamodel */ = {isa = PBXFileReference; lastKnownFileType = wrapper.xcdatamodel; path = BeingNikhil.xcdatamodel; sourceTree = "<group>"; };
		C8DA67A81AF4C1A7001D9F37 /* ViewController.swift */ = {isa = PBXFileReference; lastKnownFileType = sourcecode.swift; path = ViewController.swift; sourceTree = "<group>"; };
		C8DA67AB1AF4C1A7001D9F37 /* Base */ = {isa = PBXFileReference; lastKnownFileType = file.storyboard; name = Base; path = Base.lproj/Main.storyboard; sourceTree = "<group>"; };
		C8DA67AD1AF4C1A7001D9F37 /* Images.xcassets */ = {isa = PBXFileReference; lastKnownFileType = folder.assetcatalog; path = Images.xcassets; sourceTree = "<group>"; };
		C8DA67B01AF4C1A7001D9F37 /* Base */ = {isa = PBXFileReference; lastKnownFileType = file.xib; name = Base; path = Base.lproj/LaunchScreen.xib; sourceTree = "<group>"; };
		C8DA67B61AF4C1A7001D9F37 /* BeingNikhilTests.xctest */ = {isa = PBXFileReference; explicitFileType = wrapper.cfbundle; includeInIndex = 0; path = BeingNikhilTests.xctest; sourceTree = BUILT_PRODUCTS_DIR; };
		C8DA67BB1AF4C1A7001D9F37 /* Info.plist */ = {isa = PBXFileReference; lastKnownFileType = text.plist.xml; path = Info.plist; sourceTree = "<group>"; };
		C8DA67BC1AF4C1A7001D9F37 /* BeingNikhilTests.swift */ = {isa = PBXFileReference; lastKnownFileType = sourcecode.swift; path = BeingNikhilTests.swift; sourceTree = "<group>"; };
/* End PBXFileReference section */

/* Begin PBXFrameworksBuildPhase section */
		C8DA679B1AF4C1A7001D9F37 /* Frameworks */ = {
			isa = PBXFrameworksBuildPhase;
			buildActionMask = 2147483647;
			files = (
			);
			runOnlyForDeploymentPostprocessing = 0;
		};
		C8DA67B31AF4C1A7001D9F37 /* Frameworks */ = {
			isa = PBXFrameworksBuildPhase;
			buildActionMask = 2147483647;
			files = (
			);
			runOnlyForDeploymentPostprocessing = 0;
		};
/* End PBXFrameworksBuildPhase section */

/* Begin PBXGroup section */
		C8DA67951AF4C1A7001D9F37 = {
			isa = PBXGroup;
			children = (
				C8DA67A01AF4C1A7001D9F37 /* BeingNikhil */,
				C8DA67B91AF4C1A7001D9F37 /* BeingNikhilTests */,
				C8DA679F1AF4C1A7001D9F37 /* Products */,
			);
			sourceTree = "<group>";
		};
		C8DA679F1AF4C1A7001D9F37 /* Products */ = {
			isa = PBXGroup;
			children = (
				C8DA679E1AF4C1A7001D9F37 /* BeingNikhil.app */,
				C8DA67B61AF4C1A7001D9F37 /* BeingNikhilTests.xctest */,
			);
			name = Products;
			sourceTree = "<group>";
		};
		C8DA67A01AF4C1A7001D9F37 /* BeingNikhil */ = {
			isa = PBXGroup;
			children = (
				C8DA67A31AF4C1A7001D9F37 /* AppDelegate.swift */,
				C8DA67A81AF4C1A7001D9F37 /* ViewController.swift */,
				C8DA67AA1AF4C1A7001D9F37 /* Main.storyboard */,
				C8DA67AD1AF4C1A7001D9F37 /* Images.xcassets */,
				C8DA67AF1AF4C1A7001D9F37 /* LaunchScreen.xib */,
				C8DA67A51AF4C1A7001D9F37 /* BeingNikhil.xcdatamodeld */,
				C8DA67A11AF4C1A7001D9F37 /* Supporting Files */,
			);
			path = BeingNikhil;
			sourceTree = "<group>";
		};
		C8DA67A11AF4C1A7001D9F37 /* Supporting Files */ = {
			isa = PBXGroup;
			children = (
				C8DA67A21AF4C1A7001D9F37 /* Info.plist */,
			);
			name = "Supporting Files";
			sourceTree = "<group>";
		};
		C8DA67B91AF4C1A7001D9F37 /* BeingNikhilTests */ = {
			isa = PBXGroup;
			children = (
				C8DA67BC1AF4C1A7001D9F37 /* BeingNikhilTests.swift */,
				C8DA67BA1AF4C1A7001D9F37 /* Supporting Files */,
			);
			path = BeingNikhilTests;
			sourceTree = "<group>";
		};
		C8DA67BA1AF4C1A7001D9F37 /* Supporting Files */ = {
			isa = PBXGroup;
			children = (
				C8DA67BB1AF4C1A7001D9F37 /* Info.plist */,
			);
			name = "Supporting Files";
			sourceTree = "<group>";
		};
/* End PBXGroup section */

/* Begin PBXNativeTarget section */
		C8DA679D1AF4C1A7001D9F37 /* BeingNikhil */ = {
			isa = PBXNativeTarget;
			buildConfigurationList = C8DA67C01AF4C1A7001D9F37 /* Build configuration list for PBXNativeTarget "BeingNikhil" */;
			buildPhases = (
				C8DA679A1AF4C1A7001D9F37 /* Sources */,
				C8DA679B1AF4C1A7001D9F37 /* Frameworks */,
				C8DA679C1AF4C1A7001D9F37 /* Resources */,
			);
			buildRules = (
			);
			dependencies = (
			);
			name = BeingNikhil;
			productName = BeingNikhil;
			productReference = C8DA679E1AF4C1A7001D9F37 /* BeingNikhil.app */;
			productType = "com.apple.product-type.application";
		};
		C8DA67B51AF4C1A7001D9F37 /* BeingNikhilTests */ = {
			isa = PBXNativeTarget;
			buildConfigurationList = C8DA67C31AF4C1A7001D9F37 /* Build configuration list for PBXNativeTarget "BeingNikhilTests" */;
			buildPhases = (
				C8DA67B21AF4C1A7001D9F37 /* Sources */,
				C8DA67B31AF4C1A7001D9F37 /* Frameworks */,
				C8DA67B41AF4C1A7001D9F37 /* Resources */,
			);
			buildRules = (
			);
			dependencies = (
				C8DA67B81AF4C1A7001D9F37 /* PBXTargetDependency */,
			);
			name = BeingNikhilTests;
			productName = BeingNikhilTests;
			productReference = C8DA67B61AF4C1A7001D9F37 /* BeingNikhilTests.xctest */;
			productType = "com.apple.product-type.bundle.unit-test";
		};
/* End PBXNativeTarget section */

/* Begin PBXProject section */
		C8DA67961AF4C1A7001D9F37 /* Project object */ = {
			isa = PBXProject;
			attributes = {
				LastUpgradeCheck = 0630;
				ORGANIZATIONNAME = "Stanford University";
				TargetAttributes = {
					C8DA679D1AF4C1A7001D9F37 = {
						CreatedOnToolsVersion = 6.3.1;
					};
					C8DA67B51AF4C1A7001D9F37 = {
						CreatedOnToolsVersion = 6.3.1;
						TestTargetID = C8DA679D1AF4C1A7001D9F37;
					};
				};
			};
			buildConfigurationList = C8DA67991AF4C1A7001D9F37 /* Build configuration list for PBXProject "BeingNikhil" */;
			compatibilityVersion = "Xcode 3.2";
			developmentRegion = English;
			hasScannedForEncodings = 0;
			knownRegions = (
				en,
				Base,
			);
			mainGroup = C8DA67951AF4C1A7001D9F37;
			productRefGroup = C8DA679F1AF4C1A7001D9F37 /* Products */;
			projectDirPath = "";
			projectRoot = "";
			targets = (
				C8DA679D1AF4C1A7001D9F37 /* BeingNikhil */,
				C8DA67B51AF4C1A7001D9F37 /* BeingNikhilTests */,
			);
		};
/* End PBXProject section */

/* Begin PBXResourcesBuildPhase section */
		C8DA679C1AF4C1A7001D9F37 /* Resources */ = {
			isa = PBXResourcesBuildPhase;
			buildActionMask = 2147483647;
			files = (
				C8DA67AC1AF4C1A7001D9F37 /* Main.storyboard in Resources */,
				C8DA67B11AF4C1A7001D9F37 /* LaunchScreen.xib in Resources */,
				C8DA67AE1AF4C1A7001D9F37 /* Images.xcassets in Resources */,
			);
			runOnlyForDeploymentPostprocessing = 0;
		};
		C8DA67B41AF4C1A7001D9F37 /* Resources */ = {
			isa = PBXResourcesBuildPhase;
			buildActionMask = 2147483647;
			files = (
			);
			runOnlyForDeploymentPostprocessing = 0;
		};
/* End PBXResourcesBuildPhase section */

/* Begin PBXSourcesBuildPhase section */
		C8DA679A1AF4C1A7001D9F37 /* Sources */ = {
			isa = PBXSourcesBuildPhase;
			buildActionMask = 2147483647;
			files = (
				C8DA67A91AF4C1A7001D9F37 /* ViewController.swift in Sources */,
				C8DA67A71AF4C1A7001D9F37 /* BeingNikhil.xcdatamodeld in Sources */,
				C8DA67A41AF4C1A7001D9F37 /* AppDelegate.swift in Sources */,
			);
			runOnlyForDeploymentPostprocessing = 0;
		};
		C8DA67B21AF4C1A7001D9F37 /* Sources */ = {
			isa = PBXSourcesBuildPhase;
			buildActionMask = 2147483647;
			files = (
				C8DA67BD1AF4C1A7001D9F37 /* BeingNikhilTests.swift in Sources */,
			);
			runOnlyForDeploymentPostprocessing = 0;
		};
/* End PBXSourcesBuildPhase section */

/* Begin PBXTargetDependency section */
		C8DA67B81AF4C1A7001D9F37 /* PBXTargetDependency */ = {
			isa = PBXTargetDependency;
			target = C8DA679D1AF4C1A7001D9F37 /* BeingNikhil */;
			targetProxy = C8DA67B71AF4C1A7001D9F37 /* PBXContainerItemProxy */;
		};
/* End PBXTargetDependency section */

/* Begin PBXVariantGroup section */
		C8DA67AA1AF4C1A7001D9F37 /* Main.storyboard */ = {
			isa = PBXVariantGroup;
			children = (
				C8DA67AB1AF4C1A7001D9F37 /* Base */,
			);
			name = Main.storyboard;
			sourceTree = "<group>";
		};
		C8DA67AF1AF4C1A7001D9F37 /* LaunchScreen.xib */ = {
			isa = PBXVariantGroup;
			children = (
				C8DA67B01AF4C1A7001D9F37 /* Base */,
			);
			name = LaunchScreen.xib;
			sourceTree = "<group>";
		};
/* End PBXVariantGroup section */

/* Begin XCBuildConfiguration section */
		C8DA67BE1AF4C1A7001D9F37 /* Debug */ = {
			isa = XCBuildConfiguration;
			buildSettings = {
				ALWAYS_SEARCH_USER_PATHS = NO;
				CLANG_CXX_LANGUAGE_STANDARD = "gnu++0x";
				CLANG_CXX_LIBRARY = "libc++";
				CLANG_ENABLE_MODULES = YES;
				CLANG_ENABLE_OBJC_ARC = YES;
				CLANG_WARN_BOOL_CONVERSION = YES;
				CLANG_WARN_CONSTANT_CONVERSION = YES;
				CLANG_WARN_DIRECT_OBJC_ISA_USAGE = YES_ERROR;
				CLANG_WARN_EMPTY_BODY = YES;
				CLANG_WARN_ENUM_CONVERSION = YES;
				CLANG_WARN_INT_CONVERSION = YES;
				CLANG_WARN_OBJC_ROOT_CLASS = YES_ERROR;
				CLANG_WARN_UNREACHABLE_CODE = YES;
				CLANG_WARN__DUPLICATE_METHOD_MATCH = YES;
				"CODE_SIGN_IDENTITY[sdk=iphoneos*]" = "iPhone Developer";
				COPY_PHASE_STRIP = NO;
				DEBUG_INFORMATION_FORMAT = "dwarf-with-dsym";
				ENABLE_STRICT_OBJC_MSGSEND = YES;
				GCC_C_LANGUAGE_STANDARD = gnu99;
				GCC_DYNAMIC_NO_PIC = NO;
				GCC_NO_COMMON_BLOCKS = YES;
				GCC_OPTIMIZATION_LEVEL = 0;
				GCC_PREPROCESSOR_DEFINITIONS = (
					"DEBUG=1",
					"$(inherited)",
				);
				GCC_SYMBOLS_PRIVATE_EXTERN = NO;
				GCC_WARN_64_TO_32_BIT_CONVERSION = YES;
				GCC_WARN_ABOUT_RETURN_TYPE = YES_ERROR;
				GCC_WARN_UNDECLARED_SELECTOR = YES;
				GCC_WARN_UNINITIALIZED_AUTOS = YES_AGGRESSIVE;
				GCC_WARN_UNUSED_FUNCTION = YES;
				GCC_WARN_UNUSED_VARIABLE = YES;
				IPHONEOS_DEPLOYMENT_TARGET = 8.3;
				MTL_ENABLE_DEBUG_INFO = YES;
				ONLY_ACTIVE_ARCH = YES;
				SDKROOT = iphoneos;
				SWIFT_OPTIMIZATION_LEVEL = "-Onone";
				TARGETED_DEVICE_FAMILY = "1,2";
			};
			name = Debug;
		};
		C8DA67BF1AF4C1A7001D9F37 /* Release */ = {
			isa = XCBuildConfiguration;
			buildSettings = {
				ALWAYS_SEARCH_USER_PATHS = NO;
				CLANG_CXX_LANGUAGE_STANDARD = "gnu++0x";
				CLANG_CXX_LIBRARY = "libc++";
				CLANG_ENABLE_MODULES = YES;
				CLANG_ENABLE_OBJC_ARC = YES;
				CLANG_WARN_BOOL_CONVERSION = YES;
				CLANG_WARN_CONSTANT_CONVERSION = YES;
				CLANG_WARN_DIRECT_OBJC_ISA_USAGE = YES_ERROR;
				CLANG_WARN_EMPTY_BODY = YES;
				CLANG_WARN_ENUM_CONVERSION = YES;
				CLANG_WARN_INT_CONVERSION = YES;
				CLANG_WARN_OBJC_ROOT_CLASS = YES_ERROR;
				CLANG_WARN_UNREACHABLE_CODE = YES;
				CLANG_WARN__DUPLICATE_METHOD_MATCH = YES;
				"CODE_SIGN_IDENTITY[sdk=iphoneos*]" = "iPhone Developer";
				COPY_PHASE_STRIP = NO;
				DEBUG_INFORMATION_FORMAT = "dwarf-with-dsym";
				ENABLE_NS_ASSERTIONS = NO;
				ENABLE_STRICT_OBJC_MSGSEND = YES;
				GCC_C_LANGUAGE_STANDARD = gnu99;
				GCC_NO_COMMON_BLOCKS = YES;
				GCC_WARN_64_TO_32_BIT_CONVERSION = YES;
				GCC_WARN_ABOUT_RETURN_TYPE = YES_ERROR;
				GCC_WARN_UNDECLARED_SELECTOR = YES;
				GCC_WARN_UNINITIALIZED_AUTOS = YES_AGGRESSIVE;
				GCC_WARN_UNUSED_FUNCTION = YES;
				GCC_WARN_UNUSED_VARIABLE = YES;
				IPHONEOS_DEPLOYMENT_TARGET = 8.3;
				MTL_ENABLE_DEBUG_INFO = NO;
				SDKROOT = iphoneos;
				TARGETED_DEVICE_FAMILY = "1,2";
				VALIDATE_PRODUCT = YES;
			};
			name = Release;
		};
		C8DA67C11AF4C1A7001D9F37 /* Debug */ = {
			isa = XCBuildConfiguration;
			buildSettings = {
				ASSETCATALOG_COMPILER_APPICON_NAME = AppIcon;
				INFOPLIST_FILE = BeingNikhil/Info.plist;
				LD_RUNPATH_SEARCH_PATHS = "$(inherited) @executable_path/Frameworks";
				PRODUCT_NAME = "$(TARGET_NAME)";
			};
			name = Debug;
		};
		C8DA67C21AF4C1A7001D9F37 /* Release */ = {
			isa = XCBuildConfiguration;
			buildSettings = {
				ASSETCATALOG_COMPILER_APPICON_NAME = AppIcon;
				INFOPLIST_FILE = BeingNikhil/Info.plist;
				LD_RUNPATH_SEARCH_PATHS = "$(inherited) @executable_path/Frameworks";
				PRODUCT_NAME = "$(TARGET_NAME)";
			};
			name = Release;
		};
		C8DA67C41AF4C1A7001D9F37 /* Debug */ = {
			isa = XCBuildConfiguration;
			buildSettings = {
				BUNDLE_LOADER = "$(TEST_HOST)";
				FRAMEWORK_SEARCH_PATHS = (
					"$(SDKROOT)/Developer/Library/Frameworks",
					"$(inherited)",
				);
				GCC_PREPROCESSOR_DEFINITIONS = (
					"DEBUG=1",
					"$(inherited)",
				);
				INFOPLIST_FILE = BeingNikhilTests/Info.plist;
				LD_RUNPATH_SEARCH_PATHS = "$(inherited) @executable_path/Frameworks @loader_path/Frameworks";
				PRODUCT_NAME = "$(TARGET_NAME)";
				TEST_HOST = "$(BUILT_PRODUCTS_DIR)/BeingNikhil.app/BeingNikhil";
			};
			name = Debug;
		};
		C8DA67C51AF4C1A7001D9F37 /* Release */ = {
			isa = XCBuildConfiguration;
			buildSettings = {
				BUNDLE_LOADER = "$(TEST_HOST)";
				FRAMEWORK_SEARCH_PATHS = (
					"$(SDKROOT)/Developer/Library/Frameworks",
					"$(inherited)",
				);
				INFOPLIST_FILE = BeingNikhilTests/Info.plist;
				LD_RUNPATH_SEARCH_PATHS = "$(inherited) @executable_path/Frameworks @loader_path/Frameworks";
				PRODUCT_NAME = "$(TARGET_NAME)";
				TEST_HOST = "$(BUILT_PRODUCTS_DIR)/BeingNikhil.app/BeingNikhil";
			};
			name = Release;
		};
/* End XCBuildConfiguration section */

/* Begin XCConfigurationList section */
		C8DA67991AF4C1A7001D9F37 /* Build configuration list for PBXProject "BeingNikhil" */ = {
			isa = XCConfigurationList;
			buildConfigurations = (
				C8DA67BE1AF4C1A7001D9F37 /* Debug */,
				C8DA67BF1AF4C1A7001D9F37 /* Release */,
			);
			defaultConfigurationIsVisible = 0;
			defaultConfigurationName = Release;
		};
		C8DA67C01AF4C1A7001D9F37 /* Build configuration list for PBXNativeTarget "BeingNikhil" */ = {
			isa = XCConfigurationList;
			buildConfigurations = (
				C8DA67C11AF4C1A7001D9F37 /* Debug */,
				C8DA67C21AF4C1A7001D9F37 /* Release */,
			);
			defaultConfigurationIsVisible = 0;
		};
		C8DA67C31AF4C1A7001D9F37 /* Build configuration list for PBXNativeTarget "BeingNikhilTests" */ = {
			isa = XCConfigurationList;
			buildConfigurations = (
				C8DA67C41AF4C1A7001D9F37 /* Debug */,
				C8DA67C51AF4C1A7001D9F37 /* Release */,
			);
			defaultConfigurationIsVisible = 0;
		};
/* End XCConfigurationList section */

/* Begin XCVersionGroup section */
		C8DA67A51AF4C1A7001D9F37 /* BeingNikhil.xcdatamodeld */ = {
			isa = XCVersionGroup;
			children = (
				C8DA67A61AF4C1A7001D9F37 /* BeingNikhil.xcdatamodel */,
			);
			currentVersion = C8DA67A61AF4C1A7001D9F37 /* BeingNikhil.xcdatamodel */;
			path = BeingNikhil.xcdatamodeld;
			sourceTree = "<group>";
			versionGroupType = wrapper.xcdatamodel;
		};
/* End XCVersionGroup section */
	};
	rootObject = C8DA67961AF4C1A7001D9F37 /* Project object */;
}
